
Microsoft Visual Studio Solution File, Format Version 12.00
# Visual Studio Version 17
VisualStudioVersion = 17.3.32901.215
MinimumVisualStudioVersion = 10.0.40219.1
Project("{FAE04EC0-301F-11D3-BF4B-00C04F79EFBC}") = "quran", "QuranCopyCore\quran.csproj", "{71861677-712D-415C-A688-A6819D471B25}"
EndProject
Project("{9A19103F-16F7-4668-BE54-9A1E7A4F7556}") = "CliFramework", "CliFramework\CliFramework.csproj", "{69EB54C4-4A41-4A30-A9D8-60BB4DEC9A32}"
EndProject
Global
	GlobalSection(SolutionConfigurationPlatforms) = preSolution
		Debug|Any CPU = Debug|Any CPU
		Release|Any CPU = Release|Any CPU
	EndGlobalSection
	GlobalSection(ProjectConfigurationPlatforms) = postSolution
		{71861677-712D-415C-A688-A6819D471B25}.Debug|Any CPU.ActiveCfg = Debug|Any CPU
		{71861677-712D-415C-A688-A6819D471B25}.Debug|Any CPU.Build.0 = Debug|Any CPU
		{71861677-712D-415C-A688-A6819D471B25}.Release|Any CPU.ActiveCfg = Release|Any CPU
		{71861677-712D-415C-A688-A6819D471B25}.Release|Any CPU.Build.0 = Release|Any CPU
		{69EB54C4-4A41-4A30-A9D8-60BB4DEC9A32}.Debug|Any CPU.ActiveCfg = Debug|Any CPU
		{69EB54C4-4A41-4A30-A9D8-60BB4DEC9A32}.Debug|Any CPU.Build.0 = Debug|Any CPU
		{69EB54C4-4A41-4A30-A9D8-60BB4DEC9A32}.Release|Any CPU.ActiveCfg = Release|Any CPU
		{69EB54C4-4A41-4A30-A9D8-60BB4DEC9A32}.Release|Any CPU.Build.0 = Release|Any CPU
	EndGlobalSection
	GlobalSection(SolutionProperties) = preSolution
		HideSolutionNode = FALSE
	EndGlobalSection
	GlobalSection(ExtensibilityGlobals) = postSolution
		SolutionGuid = {381A4CAE-1BBB-49DF-864A-EB484F689A77}
	EndGlobalSection
EndGlobal
